PODS:
  - Protobuf (3.6.1)
  - SSZipArchive (2.1.4)

DEPENDENCIES:
  - Protobuf (~> 3.4)
  - SSZipArchive (~> 2.1.4)

SPEC REPOS:
  https://github.com/CocoaPods/Specs.git:
    - Protobuf
    - SSZipArchive

SPEC CHECKSUMS:
  Protobuf: 1eb9700044745f00181c136ef21b8ff3ad5a0fd5
  SSZipArchive: 41455d4b8d2b6ab93990820b50dc697c2554a322

PODFILE CHECKSUM: 15ec3c806396baa34a298b2254638f0a6691580c

COCOAPODS: 1.9.1
