// !$*UTF8*$!
{
	archiveVersion = 1;
	classes = {
	};
	objectVersion = 46;
	objects = {

/* Begin PBXBuildFile section */
		4B62B1C5E6CE2BE2D914927B /* libPods-SVGAPlayer React.a in Frameworks */ = {isa = PBXBuildFile; fileRef = 92332F7A897BF4379D765B05 /* libPods-SVGAPlayer React.a */; };
		63712E6521787950001AE014 /* heartbeat.svga in Resources */ = {isa = PBXBuildFile; fileRef = 63712E6421787950001AE014 /* heartbeat.svga */; };
		63712E6821787A45001AE014 /* SVGAAudioEntity.m in Sources */ = {isa = PBXBuildFile; fileRef = 63712E6721787A45001AE014 /* SVGAAudioEntity.m */; };
		63E817012178809D001D2D62 /* SVGAAudioLayer.m in Sources */ = {isa = PBXBuildFile; fileRef = 63E817002178809D001D2D62 /* SVGAAudioLayer.m */; };
		71418C93225E6F710029C69E /* mutiMatte.svga in Resources */ = {isa = PBXBuildFile; fileRef = 71418C92225E6F710029C69E /* mutiMatte.svga */; };
		718A146D235718E000FED5D3 /* Rocket.svga in Resources */ = {isa = PBXBuildFile; fileRef = 718A146C235718E000FED5D3 /* Rocket.svga */; };
		71A8679122B7785100176CD6 /* matteRect.svga in Resources */ = {isa = PBXBuildFile; fileRef = 71A8679022B7785100176CD6 /* matteRect.svga */; };
		71A8679322B7853600176CD6 /* matteBitmap.svga in Resources */ = {isa = PBXBuildFile; fileRef = 71A8679222B7853600176CD6 /* matteBitmap.svga */; };
		71DAA8A52355B3ED006608A1 /* Goddess.svga in Resources */ = {isa = PBXBuildFile; fileRef = 71DAA8A42355B3ED006608A1 /* Goddess.svga */; };
		80D4C7254846B96B9C6EED83 /* libPods-SVGAPlayer.a in Frameworks */ = {isa = PBXBuildFile; fileRef = 1DDA5FF396660C7C932DF9B8 /* libPods-SVGAPlayer.a */; };
		904D41F81D223DD20085A21A /* SVGABezierPath.m in Sources */ = {isa = PBXBuildFile; fileRef = 904D41F71D223DD20085A21A /* SVGABezierPath.m */; };
		9052FC631E6EB8D4007BC925 /* SVGAExporter.m in Sources */ = {isa = PBXBuildFile; fileRef = 9052FC621E6EB8D4007BC925 /* SVGAExporter.m */; };
		90A364D11E5AEC11009347F1 /* SVGABitmapLayer.m in Sources */ = {isa = PBXBuildFile; fileRef = 90A364D01E5AEC11009347F1 /* SVGABitmapLayer.m */; };
		90A364D41E5AEC1C009347F1 /* SVGAVectorLayer.m in Sources */ = {isa = PBXBuildFile; fileRef = 90A364D31E5AEC1C009347F1 /* SVGAVectorLayer.m */; };
		90A364D71E5AECBD009347F1 /* SVGAVideoSpriteEntity.m in Sources */ = {isa = PBXBuildFile; fileRef = 90A364D61E5AECBD009347F1 /* SVGAVideoSpriteEntity.m */; };
		90A364DA1E5AED04009347F1 /* SVGAVideoSpriteFrameEntity.m in Sources */ = {isa = PBXBuildFile; fileRef = 90A364D91E5AED04009347F1 /* SVGAVideoSpriteFrameEntity.m */; };
		90A364DD1E5D33F8009347F1 /* SVGAContentLayer.m in Sources */ = {isa = PBXBuildFile; fileRef = 90A364DC1E5D33F8009347F1 /* SVGAContentLayer.m */; };
		90A676E21D13A6DF008A69F3 /* main.m in Sources */ = {isa = PBXBuildFile; fileRef = 90A676E11D13A6DF008A69F3 /* main.m */; };
		90A676E51D13A6DF008A69F3 /* AppDelegate.m in Sources */ = {isa = PBXBuildFile; fileRef = 90A676E41D13A6DF008A69F3 /* AppDelegate.m */; };
		90A676E81D13A6DF008A69F3 /* ViewController.m in Sources */ = {isa = PBXBuildFile; fileRef = 90A676E71D13A6DF008A69F3 /* ViewController.m */; };
		90A676EB1D13A6DF008A69F3 /* Main.storyboard in Resources */ = {isa = PBXBuildFile; fileRef = 90A676E91D13A6DF008A69F3 /* Main.storyboard */; };
		90A676ED1D13A6DF008A69F3 /* Assets.xcassets in Resources */ = {isa = PBXBuildFile; fileRef = 90A676EC1D13A6DF008A69F3 /* Assets.xcassets */; };
		90A676F01D13A6DF008A69F3 /* LaunchScreen.storyboard in Resources */ = {isa = PBXBuildFile; fileRef = 90A676EE1D13A6DF008A69F3 /* LaunchScreen.storyboard */; };
		90A676FA1D13A81F008A69F3 /* SVGA.m in Sources */ = {isa = PBXBuildFile; fileRef = 90A676F91D13A81F008A69F3 /* SVGA.m */; };
		90A676FD1D13A82A008A69F3 /* SVGAParser.m in Sources */ = {isa = PBXBuildFile; fileRef = 90A676FC1D13A82A008A69F3 /* SVGAParser.m */; };
		90A677031D13AE19008A69F3 /* SVGAVideoEntity.m in Sources */ = {isa = PBXBuildFile; fileRef = 90A677021D13AE19008A69F3 /* SVGAVideoEntity.m */; };
		90A677061D13BF77008A69F3 /* SVGAPlayer.m in Sources */ = {isa = PBXBuildFile; fileRef = 90A677051D13BF77008A69F3 /* SVGAPlayer.m */; };
		90CB64CC1EF290F400DAA382 /* ViewController.m in Sources */ = {isa = PBXBuildFile; fileRef = 90A676E71D13A6DF008A69F3 /* ViewController.m */; };
		90CB64CD1EF290F400DAA382 /* SVGAExporter.m in Sources */ = {isa = PBXBuildFile; fileRef = 9052FC621E6EB8D4007BC925 /* SVGAExporter.m */; };
		90CB64CE1EF290F400DAA382 /* SVGAVideoEntity.m in Sources */ = {isa = PBXBuildFile; fileRef = 90A677021D13AE19008A69F3 /* SVGAVideoEntity.m */; };
		90CB64CF1EF290F400DAA382 /* SVGAVideoSpriteFrameEntity.m in Sources */ = {isa = PBXBuildFile; fileRef = 90A364D91E5AED04009347F1 /* SVGAVideoSpriteFrameEntity.m */; };
		90CB64D01EF290F400DAA382 /* SVGABitmapLayer.m in Sources */ = {isa = PBXBuildFile; fileRef = 90A364D01E5AEC11009347F1 /* SVGABitmapLayer.m */; };
		90CB64D11EF290F400DAA382 /* SVGABezierPath.m in Sources */ = {isa = PBXBuildFile; fileRef = 904D41F71D223DD20085A21A /* SVGABezierPath.m */; };
		90CB64D21EF290F400DAA382 /* SVGAVideoSpriteEntity.m in Sources */ = {isa = PBXBuildFile; fileRef = 90A364D61E5AECBD009347F1 /* SVGAVideoSpriteEntity.m */; };
		90CB64D31EF290F400DAA382 /* AppDelegate.m in Sources */ = {isa = PBXBuildFile; fileRef = 90A676E41D13A6DF008A69F3 /* AppDelegate.m */; };
		90CB64D41EF290F400DAA382 /* SVGAContentLayer.m in Sources */ = {isa = PBXBuildFile; fileRef = 90A364DC1E5D33F8009347F1 /* SVGAContentLayer.m */; };
		90CB64D51EF290F400DAA382 /* SVGA.m in Sources */ = {isa = PBXBuildFile; fileRef = 90A676F91D13A81F008A69F3 /* SVGA.m */; };
		90CB64D61EF290F400DAA382 /* SVGAPlayer.m in Sources */ = {isa = PBXBuildFile; fileRef = 90A677051D13BF77008A69F3 /* SVGAPlayer.m */; };
		90CB64D71EF290F400DAA382 /* SVGAVectorLayer.m in Sources */ = {isa = PBXBuildFile; fileRef = 90A364D31E5AEC1C009347F1 /* SVGAVectorLayer.m */; };
		90CB64D81EF290F400DAA382 /* main.m in Sources */ = {isa = PBXBuildFile; fileRef = 90A676E11D13A6DF008A69F3 /* main.m */; };
		90CB64D91EF290F400DAA382 /* SVGAParser.m in Sources */ = {isa = PBXBuildFile; fileRef = 90A676FC1D13A82A008A69F3 /* SVGAParser.m */; };
		90CB64DD1EF290F400DAA382 /* LaunchScreen.storyboard in Resources */ = {isa = PBXBuildFile; fileRef = 90A676EE1D13A6DF008A69F3 /* LaunchScreen.storyboard */; };
		90CB64DE1EF290F400DAA382 /* Assets.xcassets in Resources */ = {isa = PBXBuildFile; fileRef = 90A676EC1D13A6DF008A69F3 /* Assets.xcassets */; };
		90CB64DF1EF290F400DAA382 /* Main.storyboard in Resources */ = {isa = PBXBuildFile; fileRef = 90A676E91D13A6DF008A69F3 /* Main.storyboard */; };
		90CB64F71EF2925000DAA382 /* SVGAPlayerManager.m in Sources */ = {isa = PBXBuildFile; fileRef = 90CB64F61EF2925000DAA382 /* SVGAPlayerManager.m */; };
		90CB64F91EF297E800DAA382 /* SVGAPlayer React-Info.plist in Resources */ = {isa = PBXBuildFile; fileRef = 90CB64F81EF297E800DAA382 /* SVGAPlayer React-Info.plist */; };
		90D7CA161F7FA07A006E74F0 /* Svga.pbobjc.m in Sources */ = {isa = PBXBuildFile; fileRef = 90D7CA141F7FA079006E74F0 /* Svga.pbobjc.m */; settings = {COMPILER_FLAGS = "-fno-objc-arc"; }; };
		90D7CA1B1F7FB114006E74F0 /* rose_2.0.0.svga in Resources */ = {isa = PBXBuildFile; fileRef = 90D7CA191F7FB114006E74F0 /* rose_2.0.0.svga */; };
		90D7CA1C1F7FB114006E74F0 /* rose_1.5.0.svga in Resources */ = {isa = PBXBuildFile; fileRef = 90D7CA1A1F7FB114006E74F0 /* rose_1.5.0.svga */; };
		90D7CA1E1F7FB34E006E74F0 /* libz.tbd in Frameworks */ = {isa = PBXBuildFile; fileRef = 90D7CA1D1F7FB34E006E74F0 /* libz.tbd */; };
		90DB59B51F96026E00894727 /* SVGAImageView.m in Sources */ = {isa = PBXBuildFile; fileRef = 90DB59B41F96026E00894727 /* SVGAImageView.m */; };
		E83A58D9247E0E6A00D9F404 /* audio_biling.svga in Resources */ = {isa = PBXBuildFile; fileRef = E83A58D8247E0E6A00D9F404 /* audio_biling.svga */; };
/* End PBXBuildFile section */

/* Begin PBXFileReference section */
		1DDA5FF396660C7C932DF9B8 /* libPods-SVGAPlayer.a */ = {isa = PBXFileReference; explicitFileType = archive.ar; includeInIndex = 0; path = "libPods-SVGAPlayer.a"; sourceTree = BUILT_PRODUCTS_DIR; };
		2EF4851C027B3C0E45E3C5C0 /* Pods-SVGAPlayer React.debug.xcconfig */ = {isa = PBXFileReference; includeInIndex = 1; lastKnownFileType = text.xcconfig; name = "Pods-SVGAPlayer React.debug.xcconfig"; path = "Pods/Target Support Files/Pods-SVGAPlayer React/Pods-SVGAPlayer React.debug.xcconfig"; sourceTree = "<group>"; };
		63712E6421787950001AE014 /* heartbeat.svga */ = {isa = PBXFileReference; lastKnownFileType = file; path = heartbeat.svga; sourceTree = "<group>"; };
		63712E6621787A45001AE014 /* SVGAAudioEntity.h */ = {isa = PBXFileReference; lastKnownFileType = sourcecode.c.h; path = SVGAAudioEntity.h; sourceTree = "<group>"; };
		63712E6721787A45001AE014 /* SVGAAudioEntity.m */ = {isa = PBXFileReference; lastKnownFileType = sourcecode.c.objc; path = SVGAAudioEntity.m; sourceTree = "<group>"; };
		63E816FF2178809D001D2D62 /* SVGAAudioLayer.h */ = {isa = PBXFileReference; lastKnownFileType = sourcecode.c.h; path = SVGAAudioLayer.h; sourceTree = "<group>"; };
		63E817002178809D001D2D62 /* SVGAAudioLayer.m */ = {isa = PBXFileReference; lastKnownFileType = sourcecode.c.objc; path = SVGAAudioLayer.m; sourceTree = "<group>"; };
		71418C92225E6F710029C69E /* mutiMatte.svga */ = {isa = PBXFileReference; lastKnownFileType = file; path = mutiMatte.svga; sourceTree = "<group>"; };
		718A146C235718E000FED5D3 /* Rocket.svga */ = {isa = PBXFileReference; lastKnownFileType = file; path = Rocket.svga; sourceTree = "<group>"; };
		71A8679022B7785100176CD6 /* matteRect.svga */ = {isa = PBXFileReference; lastKnownFileType = file; path = matteRect.svga; sourceTree = "<group>"; };
		71A8679222B7853600176CD6 /* matteBitmap.svga */ = {isa = PBXFileReference; lastKnownFileType = file; path = matteBitmap.svga; sourceTree = "<group>"; };
		71DAA8A42355B3ED006608A1 /* Goddess.svga */ = {isa = PBXFileReference; lastKnownFileType = file; path = Goddess.svga; sourceTree = "<group>"; };
		8AD65028FA2D122A34DC4A63 /* Pods-SVGAPlayer.debug.xcconfig */ = {isa = PBXFileReference; includeInIndex = 1; lastKnownFileType = text.xcconfig; name = "Pods-SVGAPlayer.debug.xcconfig"; path = "Pods/Target Support Files/Pods-SVGAPlayer/Pods-SVGAPlayer.debug.xcconfig"; sourceTree = "<group>"; };
		904D41F61D223DD20085A21A /* SVGABezierPath.h */ = {isa = PBXFileReference; fileEncoding = 4; lastKnownFileType = sourcecode.c.h; path = SVGABezierPath.h; sourceTree = "<group>"; };
		904D41F71D223DD20085A21A /* SVGABezierPath.m */ = {isa = PBXFileReference; fileEncoding = 4; lastKnownFileType = sourcecode.c.objc; path = SVGABezierPath.m; sourceTree = "<group>"; };
		9052FC611E6EB8D4007BC925 /* SVGAExporter.h */ = {isa = PBXFileReference; fileEncoding = 4; lastKnownFileType = sourcecode.c.h; path = SVGAExporter.h; sourceTree = "<group>"; };
		9052FC621E6EB8D4007BC925 /* SVGAExporter.m */ = {isa = PBXFileReference; fileEncoding = 4; lastKnownFileType = sourcecode.c.objc; path = SVGAExporter.m; sourceTree = "<group>"; };
		90A364CF1E5AEC11009347F1 /* SVGABitmapLayer.h */ = {isa = PBXFileReference; fileEncoding = 4; lastKnownFileType = sourcecode.c.h; path = SVGABitmapLayer.h; sourceTree = "<group>"; };
		90A364D01E5AEC11009347F1 /* SVGABitmapLayer.m */ = {isa = PBXFileReference; fileEncoding = 4; lastKnownFileType = sourcecode.c.objc; path = SVGABitmapLayer.m; sourceTree = "<group>"; };
		90A364D21E5AEC1B009347F1 /* SVGAVectorLayer.h */ = {isa = PBXFileReference; fileEncoding = 4; lastKnownFileType = sourcecode.c.h; path = SVGAVectorLayer.h; sourceTree = "<group>"; };
		90A364D31E5AEC1C009347F1 /* SVGAVectorLayer.m */ = {isa = PBXFileReference; fileEncoding = 4; lastKnownFileType = sourcecode.c.objc; path = SVGAVectorLayer.m; sourceTree = "<group>"; };
		90A364D51E5AECBD009347F1 /* SVGAVideoSpriteEntity.h */ = {isa = PBXFileReference; fileEncoding = 4; lastKnownFileType = sourcecode.c.h; path = SVGAVideoSpriteEntity.h; sourceTree = "<group>"; };
		90A364D61E5AECBD009347F1 /* SVGAVideoSpriteEntity.m */ = {isa = PBXFileReference; fileEncoding = 4; lastKnownFileType = sourcecode.c.objc; path = SVGAVideoSpriteEntity.m; sourceTree = "<group>"; };
		90A364D81E5AED04009347F1 /* SVGAVideoSpriteFrameEntity.h */ = {isa = PBXFileReference; fileEncoding = 4; lastKnownFileType = sourcecode.c.h; path = SVGAVideoSpriteFrameEntity.h; sourceTree = "<group>"; };
		90A364D91E5AED04009347F1 /* SVGAVideoSpriteFrameEntity.m */ = {isa = PBXFileReference; fileEncoding = 4; lastKnownFileType = sourcecode.c.objc; path = SVGAVideoSpriteFrameEntity.m; sourceTree = "<group>"; };
		90A364DB1E5D33F8009347F1 /* SVGAContentLayer.h */ = {isa = PBXFileReference; fileEncoding = 4; lastKnownFileType = sourcecode.c.h; path = SVGAContentLayer.h; sourceTree = "<group>"; };
		90A364DC1E5D33F8009347F1 /* SVGAContentLayer.m */ = {isa = PBXFileReference; fileEncoding = 4; lastKnownFileType = sourcecode.c.objc; path = SVGAContentLayer.m; sourceTree = "<group>"; };
		90A676DD1D13A6DF008A69F3 /* SVGAPlayer.app */ = {isa = PBXFileReference; explicitFileType = wrapper.application; includeInIndex = 0; path = SVGAPlayer.app; sourceTree = BUILT_PRODUCTS_DIR; };
		90A676E11D13A6DF008A69F3 /* main.m */ = {isa = PBXFileReference; lastKnownFileType = sourcecode.c.objc; path = main.m; sourceTree = "<group>"; };
		90A676E31D13A6DF008A69F3 /* AppDelegate.h */ = {isa = PBXFileReference; lastKnownFileType = sourcecode.c.h; path = AppDelegate.h; sourceTree = "<group>"; };
		90A676E41D13A6DF008A69F3 /* AppDelegate.m */ = {isa = PBXFileReference; lastKnownFileType = sourcecode.c.objc; path = AppDelegate.m; sourceTree = "<group>"; };
		90A676E61D13A6DF008A69F3 /* ViewController.h */ = {isa = PBXFileReference; lastKnownFileType = sourcecode.c.h; path = ViewController.h; sourceTree = "<group>"; };
		90A676E71D13A6DF008A69F3 /* ViewController.m */ = {isa = PBXFileReference; lastKnownFileType = sourcecode.c.objc; path = ViewController.m; sourceTree = "<group>"; };
		90A676EA1D13A6DF008A69F3 /* Base */ = {isa = PBXFileReference; lastKnownFileType = file.storyboard; name = Base; path = Base.lproj/Main.storyboard; sourceTree = "<group>"; };
		90A676EC1D13A6DF008A69F3 /* Assets.xcassets */ = {isa = PBXFileReference; lastKnownFileType = folder.assetcatalog; path = Assets.xcassets; sourceTree = "<group>"; };
		90A676EF1D13A6DF008A69F3 /* Base */ = {isa = PBXFileReference; lastKnownFileType = file.storyboard; name = Base; path = Base.lproj/LaunchScreen.storyboard; sourceTree = "<group>"; };
		90A676F11D13A6DF008A69F3 /* Info.plist */ = {isa = PBXFileReference; lastKnownFileType = text.plist.xml; path = Info.plist; sourceTree = "<group>"; };
		90A676F81D13A81F008A69F3 /* SVGA.h */ = {isa = PBXFileReference; fileEncoding = 4; lastKnownFileType = sourcecode.c.h; path = SVGA.h; sourceTree = "<group>"; };
		90A676F91D13A81F008A69F3 /* SVGA.m */ = {isa = PBXFileReference; fileEncoding = 4; lastKnownFileType = sourcecode.c.objc; path = SVGA.m; sourceTree = "<group>"; };
		90A676FB1D13A82A008A69F3 /* SVGAParser.h */ = {isa = PBXFileReference; fileEncoding = 4; lastKnownFileType = sourcecode.c.h; path = SVGAParser.h; sourceTree = "<group>"; };
		90A676FC1D13A82A008A69F3 /* SVGAParser.m */ = {isa = PBXFileReference; fileEncoding = 4; lastKnownFileType = sourcecode.c.objc; path = SVGAParser.m; sourceTree = "<group>"; };
		90A677011D13AE19008A69F3 /* SVGAVideoEntity.h */ = {isa = PBXFileReference; fileEncoding = 4; lastKnownFileType = sourcecode.c.h; path = SVGAVideoEntity.h; sourceTree = "<group>"; };
		90A677021D13AE19008A69F3 /* SVGAVideoEntity.m */ = {isa = PBXFileReference; fileEncoding = 4; lastKnownFileType = sourcecode.c.objc; path = SVGAVideoEntity.m; sourceTree = "<group>"; };
		90A677041D13BF77008A69F3 /* SVGAPlayer.h */ = {isa = PBXFileReference; fileEncoding = 4; lastKnownFileType = sourcecode.c.h; path = SVGAPlayer.h; sourceTree = "<group>"; };
		90A677051D13BF77008A69F3 /* SVGAPlayer.m */ = {isa = PBXFileReference; fileEncoding = 4; lastKnownFileType = sourcecode.c.objc; path = SVGAPlayer.m; sourceTree = "<group>"; };
		90CB64E51EF290F400DAA382 /* SVGAPlayer React.app */ = {isa = PBXFileReference; explicitFileType = wrapper.application; includeInIndex = 0; path = "SVGAPlayer React.app"; sourceTree = BUILT_PRODUCTS_DIR; };
		90CB64F51EF2925000DAA382 /* SVGAPlayerManager.h */ = {isa = PBXFileReference; fileEncoding = 4; lastKnownFileType = sourcecode.c.h; path = SVGAPlayerManager.h; sourceTree = "<group>"; };
		90CB64F61EF2925000DAA382 /* SVGAPlayerManager.m */ = {isa = PBXFileReference; fileEncoding = 4; lastKnownFileType = sourcecode.c.objc; path = SVGAPlayerManager.m; sourceTree = "<group>"; };
		90CB64F81EF297E800DAA382 /* SVGAPlayer React-Info.plist */ = {isa = PBXFileReference; fileEncoding = 4; lastKnownFileType = text.plist.xml; path = "SVGAPlayer React-Info.plist"; sourceTree = "<group>"; };
		90D7CA141F7FA079006E74F0 /* Svga.pbobjc.m */ = {isa = PBXFileReference; fileEncoding = 4; lastKnownFileType = sourcecode.c.objc; path = Svga.pbobjc.m; sourceTree = "<group>"; };
		90D7CA151F7FA079006E74F0 /* Svga.pbobjc.h */ = {isa = PBXFileReference; fileEncoding = 4; lastKnownFileType = sourcecode.c.h; path = Svga.pbobjc.h; sourceTree = "<group>"; };
		90D7CA191F7FB114006E74F0 /* rose_2.0.0.svga */ = {isa = PBXFileReference; lastKnownFileType = file; path = rose_2.0.0.svga; sourceTree = "<group>"; };
		90D7CA1A1F7FB114006E74F0 /* rose_1.5.0.svga */ = {isa = PBXFileReference; lastKnownFileType = file; path = rose_1.5.0.svga; sourceTree = "<group>"; };
		90D7CA1D1F7FB34E006E74F0 /* libz.tbd */ = {isa = PBXFileReference; lastKnownFileType = "sourcecode.text-based-dylib-definition"; name = libz.tbd; path = usr/lib/libz.tbd; sourceTree = SDKROOT; };
		90DB59B31F96026E00894727 /* SVGAImageView.h */ = {isa = PBXFileReference; lastKnownFileType = sourcecode.c.h; path = SVGAImageView.h; sourceTree = "<group>"; };
		90DB59B41F96026E00894727 /* SVGAImageView.m */ = {isa = PBXFileReference; lastKnownFileType = sourcecode.c.objc; path = SVGAImageView.m; sourceTree = "<group>"; };
		92332F7A897BF4379D765B05 /* libPods-SVGAPlayer React.a */ = {isa = PBXFileReference; explicitFileType = archive.ar; includeInIndex = 0; path = "libPods-SVGAPlayer React.a"; sourceTree = BUILT_PRODUCTS_DIR; };
		E02B8713B25C0283C736EE03 /* Pods-SVGAPlayer.release.xcconfig */ = {isa = PBXFileReference; includeInIndex = 1; lastKnownFileType = text.xcconfig; name = "Pods-SVGAPlayer.release.xcconfig"; path = "Pods/Target Support Files/Pods-SVGAPlayer/Pods-SVGAPlayer.release.xcconfig"; sourceTree = "<group>"; };
		E83A58D8247E0E6A00D9F404 /* audio_biling.svga */ = {isa = PBXFileReference; lastKnownFileType = file; path = audio_biling.svga; sourceTree = "<group>"; };
		FF89C40C3E9839DA5DE71191 /* Pods-SVGAPlayer React.release.xcconfig */ = {isa = PBXFileReference; includeInIndex = 1; lastKnownFileType = text.xcconfig; name = "Pods-SVGAPlayer React.release.xcconfig"; path = "Pods/Target Support Files/Pods-SVGAPlayer React/Pods-SVGAPlayer React.release.xcconfig"; sourceTree = "<group>"; };
/* End PBXFileReference section */

/* Begin PBXFrameworksBuildPhase section */
		90A676DA1D13A6DF008A69F3 /* Frameworks */ = {
			isa = PBXFrameworksBuildPhase;
			buildActionMask = 2147483647;
			files = (
				90D7CA1E1F7FB34E006E74F0 /* libz.tbd in Frameworks */,
				80D4C7254846B96B9C6EED83 /* libPods-SVGAPlayer.a in Frameworks */,
			);
			runOnlyForDeploymentPostprocessing = 0;
		};
		90CB64DA1EF290F400DAA382 /* Frameworks */ = {
			isa = PBXFrameworksBuildPhase;
			buildActionMask = 2147483647;
			files = (
				4B62B1C5E6CE2BE2D914927B /* libPods-SVGAPlayer React.a in Frameworks */,
			);
			runOnlyForDeploymentPostprocessing = 0;
		};
/* End PBXFrameworksBuildPhase section */

/* Begin PBXGroup section */
		431B19F0F45A7844195F461A /* Pods */ = {
			isa = PBXGroup;
			children = (
				8AD65028FA2D122A34DC4A63 /* Pods-SVGAPlayer.debug.xcconfig */,
				E02B8713B25C0283C736EE03 /* Pods-SVGAPlayer.release.xcconfig */,
				2EF4851C027B3C0E45E3C5C0 /* Pods-SVGAPlayer React.debug.xcconfig */,
				FF89C40C3E9839DA5DE71191 /* Pods-SVGAPlayer React.release.xcconfig */,
			);
			name = Pods;
			sourceTree = "<group>";
		};
		90A676D41D13A6DF008A69F3 = {
			isa = PBXGroup;
			children = (
				90CB64C81EF290E600DAA382 /* React */,
				90A676F71D13A70E008A69F3 /* Source */,
				90A676DF1D13A6DF008A69F3 /* SVGAPlayer */,
				90A676DE1D13A6DF008A69F3 /* Products */,
				431B19F0F45A7844195F461A /* Pods */,
				B8EE95EA56FFE89CDEC9D8C3 /* Frameworks */,
			);
			sourceTree = "<group>";
		};
		90A676DE1D13A6DF008A69F3 /* Products */ = {
			isa = PBXGroup;
			children = (
				90A676DD1D13A6DF008A69F3 /* SVGAPlayer.app */,
				90CB64E51EF290F400DAA382 /* SVGAPlayer React.app */,
			);
			name = Products;
			sourceTree = "<group>";
		};
		90A676DF1D13A6DF008A69F3 /* SVGAPlayer */ = {
			isa = PBXGroup;
			children = (
				90D7C9FA1F7E2AA3006E74F0 /* Samples */,
				90A676E31D13A6DF008A69F3 /* AppDelegate.h */,
				90A676E41D13A6DF008A69F3 /* AppDelegate.m */,
				90A676E61D13A6DF008A69F3 /* ViewController.h */,
				90A676E71D13A6DF008A69F3 /* ViewController.m */,
				90A676E91D13A6DF008A69F3 /* Main.storyboard */,
				90A676EC1D13A6DF008A69F3 /* Assets.xcassets */,
				90A676EE1D13A6DF008A69F3 /* LaunchScreen.storyboard */,
				90A676F11D13A6DF008A69F3 /* Info.plist */,
				90CB64F81EF297E800DAA382 /* SVGAPlayer React-Info.plist */,
				90A676E01D13A6DF008A69F3 /* Supporting Files */,
			);
			path = SVGAPlayer;
			sourceTree = "<group>";
		};
		90A676E01D13A6DF008A69F3 /* Supporting Files */ = {
			isa = PBXGroup;
			children = (
				90A676E11D13A6DF008A69F3 /* main.m */,
			);
			name = "Supporting Files";
			sourceTree = "<group>";
		};
		90A676F71D13A70E008A69F3 /* Source */ = {
			isa = PBXGroup;
			children = (
				90D7CA081F7E2D4D006E74F0 /* pbobjc */,
				90A676F81D13A81F008A69F3 /* SVGA.h */,
				90A676F91D13A81F008A69F3 /* SVGA.m */,
				90A676FB1D13A82A008A69F3 /* SVGAParser.h */,
				90A676FC1D13A82A008A69F3 /* SVGAParser.m */,
				90A677011D13AE19008A69F3 /* SVGAVideoEntity.h */,
				90A677021D13AE19008A69F3 /* SVGAVideoEntity.m */,
				63712E6621787A45001AE014 /* SVGAAudioEntity.h */,
				63712E6721787A45001AE014 /* SVGAAudioEntity.m */,
				90A364D51E5AECBD009347F1 /* SVGAVideoSpriteEntity.h */,
				90A364D61E5AECBD009347F1 /* SVGAVideoSpriteEntity.m */,
				90A364D81E5AED04009347F1 /* SVGAVideoSpriteFrameEntity.h */,
				90A364D91E5AED04009347F1 /* SVGAVideoSpriteFrameEntity.m */,
				90A364DB1E5D33F8009347F1 /* SVGAContentLayer.h */,
				90A364DC1E5D33F8009347F1 /* SVGAContentLayer.m */,
				90A364CF1E5AEC11009347F1 /* SVGABitmapLayer.h */,
				90A364D01E5AEC11009347F1 /* SVGABitmapLayer.m */,
				90A364D21E5AEC1B009347F1 /* SVGAVectorLayer.h */,
				90A364D31E5AEC1C009347F1 /* SVGAVectorLayer.m */,
				63E816FF2178809D001D2D62 /* SVGAAudioLayer.h */,
				63E817002178809D001D2D62 /* SVGAAudioLayer.m */,
				90A677041D13BF77008A69F3 /* SVGAPlayer.h */,
				90A677051D13BF77008A69F3 /* SVGAPlayer.m */,
				90DB59B31F96026E00894727 /* SVGAImageView.h */,
				90DB59B41F96026E00894727 /* SVGAImageView.m */,
				9052FC611E6EB8D4007BC925 /* SVGAExporter.h */,
				9052FC621E6EB8D4007BC925 /* SVGAExporter.m */,
				904D41F61D223DD20085A21A /* SVGABezierPath.h */,
				904D41F71D223DD20085A21A /* SVGABezierPath.m */,
			);
			path = Source;
			sourceTree = "<group>";
		};
		90CB64C81EF290E600DAA382 /* React */ = {
			isa = PBXGroup;
			children = (
				90CB64F51EF2925000DAA382 /* SVGAPlayerManager.h */,
				90CB64F61EF2925000DAA382 /* SVGAPlayerManager.m */,
			);
			path = React;
			sourceTree = "<group>";
		};
		90D7C9FA1F7E2AA3006E74F0 /* Samples */ = {
			isa = PBXGroup;
			children = (
				E83A58D8247E0E6A00D9F404 /* audio_biling.svga */,
				718A146C235718E000FED5D3 /* Rocket.svga */,
				71DAA8A42355B3ED006608A1 /* Goddess.svga */,
				71A8679022B7785100176CD6 /* matteRect.svga */,
				71A8679222B7853600176CD6 /* matteBitmap.svga */,
				71418C92225E6F710029C69E /* mutiMatte.svga */,
				63712E6421787950001AE014 /* heartbeat.svga */,
				90D7CA1A1F7FB114006E74F0 /* rose_1.5.0.svga */,
				90D7CA191F7FB114006E74F0 /* rose_2.0.0.svga */,
			);
			path = Samples;
			sourceTree = "<group>";
		};
		90D7CA081F7E2D4D006E74F0 /* pbobjc */ = {
			isa = PBXGroup;
			children = (
				90D7CA151F7FA079006E74F0 /* Svga.pbobjc.h */,
				90D7CA141F7FA079006E74F0 /* Svga.pbobjc.m */,
			);
			path = pbobjc;
			sourceTree = "<group>";
		};
		B8EE95EA56FFE89CDEC9D8C3 /* Frameworks */ = {
			isa = PBXGroup;
			children = (
				90D7CA1D1F7FB34E006E74F0 /* libz.tbd */,
				1DDA5FF396660C7C932DF9B8 /* libPods-SVGAPlayer.a */,
				92332F7A897BF4379D765B05 /* libPods-SVGAPlayer React.a */,
			);
			name = Frameworks;
			sourceTree = "<group>";
		};
/* End PBXGroup section */

/* Begin PBXNativeTarget section */
		90A676DC1D13A6DF008A69F3 /* SVGAPlayer */ = {
			isa = PBXNativeTarget;
			buildConfigurationList = 90A676F41D13A6DF008A69F3 /* Build configuration list for PBXNativeTarget "SVGAPlayer" */;
			buildPhases = (
				CD70B01EE331E392E355CD26 /* [CP] Check Pods Manifest.lock */,
				90A676D91D13A6DF008A69F3 /* Sources */,
				90A676DA1D13A6DF008A69F3 /* Frameworks */,
				90A676DB1D13A6DF008A69F3 /* Resources */,
			);
			buildRules = (
			);
			dependencies = (
			);
			name = SVGAPlayer;
			productName = SVGAPlayer;
			productReference = 90A676DD1D13A6DF008A69F3 /* SVGAPlayer.app */;
			productType = "com.apple.product-type.application";
		};
		90CB64C91EF290F400DAA382 /* SVGAPlayer React */ = {
			isa = PBXNativeTarget;
			buildConfigurationList = 90CB64E21EF290F400DAA382 /* Build configuration list for PBXNativeTarget "SVGAPlayer React" */;
			buildPhases = (
				890FC763F2C82314110A5C8F /* [CP] Check Pods Manifest.lock */,
				90CB64CB1EF290F400DAA382 /* Sources */,
				90CB64DA1EF290F400DAA382 /* Frameworks */,
				90CB64DC1EF290F400DAA382 /* Resources */,
			);
			buildRules = (
			);
			dependencies = (
			);
			name = "SVGAPlayer React";
			productName = SVGAPlayer;
			productReference = 90CB64E51EF290F400DAA382 /* SVGAPlayer React.app */;
			productType = "com.apple.product-type.application";
		};
/* End PBXNativeTarget section */

/* Begin PBXProject section */
		90A676D51D13A6DF008A69F3 /* Project object */ = {
			isa = PBXProject;
			attributes = {
				LastUpgradeCheck = 0730;
				ORGANIZATIONNAME = "UED Center";
				TargetAttributes = {
					90A676DC1D13A6DF008A69F3 = {
						CreatedOnToolsVersion = 7.3;
						DevelopmentTeam = TD97KS79S9;
					};
					90CB64C91EF290F400DAA382 = {
						DevelopmentTeam = 8M2FQ87SLP;
					};
				};
			};
			buildConfigurationList = 90A676D81D13A6DF008A69F3 /* Build configuration list for PBXProject "SVGAPlayer" */;
			compatibilityVersion = "Xcode 3.2";
			developmentRegion = English;
			hasScannedForEncodings = 0;
			knownRegions = (
				English,
				en,
				Base,
			);
			mainGroup = 90A676D41D13A6DF008A69F3;
			productRefGroup = 90A676DE1D13A6DF008A69F3 /* Products */;
			projectDirPath = "";
			projectRoot = "";
			targets = (
				90A676DC1D13A6DF008A69F3 /* SVGAPlayer */,
				90CB64C91EF290F400DAA382 /* SVGAPlayer React */,
			);
		};
/* End PBXProject section */

/* Begin PBXResourcesBuildPhase section */
		90A676DB1D13A6DF008A69F3 /* Resources */ = {
			isa = PBXResourcesBuildPhase;
			buildActionMask = 2147483647;
			files = (
				71418C93225E6F710029C69E /* mutiMatte.svga in Resources */,
				90A676F01D13A6DF008A69F3 /* LaunchScreen.storyboard in Resources */,
				718A146D235718E000FED5D3 /* Rocket.svga in Resources */,
				90A676ED1D13A6DF008A69F3 /* Assets.xcassets in Resources */,
				63712E6521787950001AE014 /* heartbeat.svga in Resources */,
				90A676EB1D13A6DF008A69F3 /* Main.storyboard in Resources */,
				90CB64F91EF297E800DAA382 /* SVGAPlayer React-Info.plist in Resources */,
				71A8679122B7785100176CD6 /* matteRect.svga in Resources */,
				71A8679322B7853600176CD6 /* matteBitmap.svga in Resources */,
				90D7CA1C1F7FB114006E74F0 /* rose_1.5.0.svga in Resources */,
				90D7CA1B1F7FB114006E74F0 /* rose_2.0.0.svga in Resources */,
				E83A58D9247E0E6A00D9F404 /* audio_biling.svga in Resources */,
				71DAA8A52355B3ED006608A1 /* Goddess.svga in Resources */,
			);
			runOnlyForDeploymentPostprocessing = 0;
		};
		90CB64DC1EF290F400DAA382 /* Resources */ = {
			isa = PBXResourcesBuildPhase;
			buildActionMask = 2147483647;
			files = (
				90CB64DD1EF290F400DAA382 /* LaunchScreen.storyboard in Resources */,
				90CB64DE1EF290F400DAA382 /* Assets.xcassets in Resources */,
				90CB64DF1EF290F400DAA382 /* Main.storyboard in Resources */,
			);
			runOnlyForDeploymentPostprocessing = 0;
		};
/* End PBXResourcesBuildPhase section */

/* Begin PBXShellScriptBuildPhase section */
		890FC763F2C82314110A5C8F /* [CP] Check Pods Manifest.lock */ = {
			isa = PBXShellScriptBuildPhase;
			buildActionMask = 2147483647;
			files = (
			);
			inputPaths = (
				"${PODS_PODFILE_DIR_PATH}/Podfile.lock",
				"${PODS_ROOT}/Manifest.lock",
			);
			name = "[CP] Check Pods Manifest.lock";
			outputPaths = (
				"$(DERIVED_FILE_DIR)/Pods-SVGAPlayer React-checkManifestLockResult.txt",
			);
			runOnlyForDeploymentPostprocessing = 0;
			shellPath = /bin/sh;
			shellScript = "diff \"${PODS_PODFILE_DIR_PATH}/Podfile.lock\" \"${PODS_ROOT}/Manifest.lock\" > /dev/null\nif [ $? != 0 ] ; then\n    # print error to STDERR\n    echo \"error: The sandbox is not in sync with the Podfile.lock. Run 'pod install' or update your CocoaPods installation.\" >&2\n    exit 1\nfi\n# This output is used by Xcode 'outputs' to avoid re-running this script phase.\necho \"SUCCESS\" > \"${SCRIPT_OUTPUT_FILE_0}\"\n";
			showEnvVarsInLog = 0;
		};
		CD70B01EE331E392E355CD26 /* [CP] Check Pods Manifest.lock */ = {
			isa = PBXShellScriptBuildPhase;
			buildActionMask = 2147483647;
			files = (
			);
			inputPaths = (
				"${PODS_PODFILE_DIR_PATH}/Podfile.lock",
				"${PODS_ROOT}/Manifest.lock",
			);
			name = "[CP] Check Pods Manifest.lock";
			outputPaths = (
				"$(DERIVED_FILE_DIR)/Pods-SVGAPlayer-checkManifestLockResult.txt",
			);
			runOnlyForDeploymentPostprocessing = 0;
			shellPath = /bin/sh;
			shellScript = "diff \"${PODS_PODFILE_DIR_PATH}/Podfile.lock\" \"${PODS_ROOT}/Manifest.lock\" > /dev/null\nif [ $? != 0 ] ; then\n    # print error to STDERR\n    echo \"error: The sandbox is not in sync with the Podfile.lock. Run 'pod install' or update your CocoaPods installation.\" >&2\n    exit 1\nfi\n# This output is used by Xcode 'outputs' to avoid re-running this script phase.\necho \"SUCCESS\" > \"${SCRIPT_OUTPUT_FILE_0}\"\n";
			showEnvVarsInLog = 0;
		};
/* End PBXShellScriptBuildPhase section */

/* Begin PBXSourcesBuildPhase section */
		90A676D91D13A6DF008A69F3 /* Sources */ = {
			isa = PBXSourcesBuildPhase;
			buildActionMask = 2147483647;
			files = (
				90A676E81D13A6DF008A69F3 /* ViewController.m in Sources */,
				9052FC631E6EB8D4007BC925 /* SVGAExporter.m in Sources */,
				90A677031D13AE19008A69F3 /* SVGAVideoEntity.m in Sources */,
				90A364DA1E5AED04009347F1 /* SVGAVideoSpriteFrameEntity.m in Sources */,
				63712E6821787A45001AE014 /* SVGAAudioEntity.m in Sources */,
				63E817012178809D001D2D62 /* SVGAAudioLayer.m in Sources */,
				90A364D11E5AEC11009347F1 /* SVGABitmapLayer.m in Sources */,
				904D41F81D223DD20085A21A /* SVGABezierPath.m in Sources */,
				90A364D71E5AECBD009347F1 /* SVGAVideoSpriteEntity.m in Sources */,
				90A676E51D13A6DF008A69F3 /* AppDelegate.m in Sources */,
				90A364DD1E5D33F8009347F1 /* SVGAContentLayer.m in Sources */,
				90DB59B51F96026E00894727 /* SVGAImageView.m in Sources */,
				90A676FA1D13A81F008A69F3 /* SVGA.m in Sources */,
				90A677061D13BF77008A69F3 /* SVGAPlayer.m in Sources */,
				90A364D41E5AEC1C009347F1 /* SVGAVectorLayer.m in Sources */,
				90D7CA161F7FA07A006E74F0 /* Svga.pbobjc.m in Sources */,
				90A676E21D13A6DF008A69F3 /* main.m in Sources */,
				90A676FD1D13A82A008A69F3 /* SVGAParser.m in Sources */,
			);
			runOnlyForDeploymentPostprocessing = 0;
		};
		90CB64CB1EF290F400DAA382 /* Sources */ = {
			isa = PBXSourcesBuildPhase;
			buildActionMask = 2147483647;
			files = (
				90CB64F71EF2925000DAA382 /* SVGAPlayerManager.m in Sources */,
				90CB64CC1EF290F400DAA382 /* ViewController.m in Sources */,
				90CB64CD1EF290F400DAA382 /* SVGAExporter.m in Sources */,
				90CB64CE1EF290F400DAA382 /* SVGAVideoEntity.m in Sources */,
				90CB64CF1EF290F400DAA382 /* SVGAVideoSpriteFrameEntity.m in Sources */,
				90CB64D01EF290F400DAA382 /* SVGABitmapLayer.m in Sources */,
				90CB64D11EF290F400DAA382 /* SVGABezierPath.m in Sources */,
				90CB64D21EF290F400DAA382 /* SVGAVideoSpriteEntity.m in Sources */,
				90CB64D31EF290F400DAA382 /* AppDelegate.m in Sources */,
				90CB64D41EF290F400DAA382 /* SVGAContentLayer.m in Sources */,
				90CB64D51EF290F400DAA382 /* SVGA.m in Sources */,
				90CB64D61EF290F400DAA382 /* SVGAPlayer.m in Sources */,
				90CB64D71EF290F400DAA382 /* SVGAVectorLayer.m in Sources */,
				90CB64D81EF290F400DAA382 /* main.m in Sources */,
				90CB64D91EF290F400DAA382 /* SVGAParser.m in Sources */,
			);
			runOnlyForDeploymentPostprocessing = 0;
		};
/* End PBXSourcesBuildPhase section */

/* Begin PBXVariantGroup section */
		90A676E91D13A6DF008A69F3 /* Main.storyboard */ = {
			isa = PBXVariantGroup;
			children = (
				90A676EA1D13A6DF008A69F3 /* Base */,
			);
			name = Main.storyboard;
			sourceTree = "<group>";
		};
		90A676EE1D13A6DF008A69F3 /* LaunchScreen.storyboard */ = {
			isa = PBXVariantGroup;
			children = (
				90A676EF1D13A6DF008A69F3 /* Base */,
			);
			name = LaunchScreen.storyboard;
			sourceTree = "<group>";
		};
/* End PBXVariantGroup section */

/* Begin XCBuildConfiguration section */
		90A676F21D13A6DF008A69F3 /* Debug */ = {
			isa = XCBuildConfiguration;
			buildSettings = {
				ALWAYS_SEARCH_USER_PATHS = NO;
				CLANG_ANALYZER_NONNULL = YES;
				CLANG_CXX_LANGUAGE_STANDARD = "gnu++0x";
				CLANG_CXX_LIBRARY = "libc++";
				CLANG_ENABLE_MODULES = YES;
				CLANG_ENABLE_OBJC_ARC = YES;
				CLANG_WARN_BOOL_CONVERSION = YES;
				CLANG_WARN_CONSTANT_CONVERSION = YES;
				CLANG_WARN_DIRECT_OBJC_ISA_USAGE = YES_ERROR;
				CLANG_WARN_EMPTY_BODY = YES;
				CLANG_WARN_ENUM_CONVERSION = YES;
				CLANG_WARN_INT_CONVERSION = YES;
				CLANG_WARN_OBJC_ROOT_CLASS = YES_ERROR;
				CLANG_WARN_UNREACHABLE_CODE = YES;
				CLANG_WARN__DUPLICATE_METHOD_MATCH = YES;
				"CODE_SIGN_IDENTITY[sdk=iphoneos*]" = "iPhone Developer";
				COPY_PHASE_STRIP = NO;
				DEBUG_INFORMATION_FORMAT = dwarf;
				ENABLE_STRICT_OBJC_MSGSEND = YES;
				ENABLE_TESTABILITY = YES;
				GCC_C_LANGUAGE_STANDARD = gnu99;
				GCC_DYNAMIC_NO_PIC = NO;
				GCC_NO_COMMON_BLOCKS = YES;
				GCC_OPTIMIZATION_LEVEL = 0;
				GCC_PREPROCESSOR_DEFINITIONS = (
					"DEBUG=1",
					"$(inherited)",
				);
				GCC_WARN_64_TO_32_BIT_CONVERSION = YES;
				GCC_WARN_ABOUT_RETURN_TYPE = YES_ERROR;
				GCC_WARN_UNDECLARED_SELECTOR = YES;
				GCC_WARN_UNINITIALIZED_AUTOS = YES_AGGRESSIVE;
				GCC_WARN_UNUSED_FUNCTION = YES;
				GCC_WARN_UNUSED_VARIABLE = YES;
				IPHONEOS_DEPLOYMENT_TARGET = 9.3;
				MTL_ENABLE_DEBUG_INFO = YES;
				ONLY_ACTIVE_ARCH = YES;
				SDKROOT = iphoneos;
			};
			name = Debug;
		};
		90A676F31D13A6DF008A69F3 /* Release */ = {
			isa = XCBuildConfiguration;
			buildSettings = {
				ALWAYS_SEARCH_USER_PATHS = NO;
				CLANG_ANALYZER_NONNULL = YES;
				CLANG_CXX_LANGUAGE_STANDARD = "gnu++0x";
				CLANG_CXX_LIBRARY = "libc++";
				CLANG_ENABLE_MODULES = YES;
				CLANG_ENABLE_OBJC_ARC = YES;
				CLANG_WARN_BOOL_CONVERSION = YES;
				CLANG_WARN_CONSTANT_CONVERSION = YES;
				CLANG_WARN_DIRECT_OBJC_ISA_USAGE = YES_ERROR;
				CLANG_WARN_EMPTY_BODY = YES;
				CLANG_WARN_ENUM_CONVERSION = YES;
				CLANG_WARN_INT_CONVERSION = YES;
				CLANG_WARN_OBJC_ROOT_CLASS = YES_ERROR;
				CLANG_WARN_UNREACHABLE_CODE = YES;
				CLANG_WARN__DUPLICATE_METHOD_MATCH = YES;
				"CODE_SIGN_IDENTITY[sdk=iphoneos*]" = "iPhone Developer";
				COPY_PHASE_STRIP = NO;
				DEBUG_INFORMATION_FORMAT = "dwarf-with-dsym";
				ENABLE_NS_ASSERTIONS = NO;
				ENABLE_STRICT_OBJC_MSGSEND = YES;
				GCC_C_LANGUAGE_STANDARD = gnu99;
				GCC_NO_COMMON_BLOCKS = YES;
				GCC_WARN_64_TO_32_BIT_CONVERSION = YES;
				GCC_WARN_ABOUT_RETURN_TYPE = YES_ERROR;
				GCC_WARN_UNDECLARED_SELECTOR = YES;
				GCC_WARN_UNINITIALIZED_AUTOS = YES_AGGRESSIVE;
				GCC_WARN_UNUSED_FUNCTION = YES;
				GCC_WARN_UNUSED_VARIABLE = YES;
				IPHONEOS_DEPLOYMENT_TARGET = 9.3;
				MTL_ENABLE_DEBUG_INFO = NO;
				SDKROOT = iphoneos;
				VALIDATE_PRODUCT = YES;
			};
			name = Release;
		};
		90A676F51D13A6DF008A69F3 /* Debug */ = {
			isa = XCBuildConfiguration;
			baseConfigurationReference = 8AD65028FA2D122A34DC4A63 /* Pods-SVGAPlayer.debug.xcconfig */;
			buildSettings = {
				ASSETCATALOG_COMPILER_APPICON_NAME = AppIcon;
				CODE_SIGN_IDENTITY = "iPhone Developer";
				DEVELOPMENT_TEAM = TD97KS79S9;
				INFOPLIST_FILE = SVGAPlayer/Info.plist;
				IPHONEOS_DEPLOYMENT_TARGET = 8.0;
				LD_RUNPATH_SEARCH_PATHS = "$(inherited) @executable_path/Frameworks";
				PRODUCT_BUNDLE_IDENTIFIER = com.opensource.SVGAPlayer;
				PRODUCT_NAME = "$(TARGET_NAME)";
				PROVISIONING_PROFILE = "";
				TARGETED_DEVICE_FAMILY = "1,2";
			};
			name = Debug;
		};
		90A676F61D13A6DF008A69F3 /* Release */ = {
			isa = XCBuildConfiguration;
			baseConfigurationReference = E02B8713B25C0283C736EE03 /* Pods-SVGAPlayer.release.xcconfig */;
			buildSettings = {
				ASSETCATALOG_COMPILER_APPICON_NAME = AppIcon;
				CODE_SIGN_IDENTITY = "iPhone Developer";
				DEVELOPMENT_TEAM = TD97KS79S9;
				INFOPLIST_FILE = SVGAPlayer/Info.plist;
				IPHONEOS_DEPLOYMENT_TARGET = 8.0;
				LD_RUNPATH_SEARCH_PATHS = "$(inherited) @executable_path/Frameworks";
				PRODUCT_BUNDLE_IDENTIFIER = com.opensource.SVGAPlayer;
				PRODUCT_NAME = "$(TARGET_NAME)";
				PROVISIONING_PROFILE = "";
				TARGETED_DEVICE_FAMILY = "1,2";
			};
			name = Release;
		};
		90CB64E31EF290F400DAA382 /* Debug */ = {
			isa = XCBuildConfiguration;
			baseConfigurationReference = 2EF4851C027B3C0E45E3C5C0 /* Pods-SVGAPlayer React.debug.xcconfig */;
			buildSettings = {
				ASSETCATALOG_COMPILER_APPICON_NAME = AppIcon;
				CODE_SIGN_IDENTITY = "iPhone Developer";
				DEVELOPMENT_TEAM = 8M2FQ87SLP;
				INFOPLIST_FILE = "$(SRCROOT)/SVGAPlayer/SVGAPlayer React-Info.plist";
				IPHONEOS_DEPLOYMENT_TARGET = 8.0;
				LD_RUNPATH_SEARCH_PATHS = "$(inherited) @executable_path/Frameworks";
				PRODUCT_BUNDLE_IDENTIFIER = com.opensource.SVGAPlayer;
				PRODUCT_NAME = "$(TARGET_NAME)";
				PROVISIONING_PROFILE = "";
				TARGETED_DEVICE_FAMILY = "1,2";
			};
			name = Debug;
		};
		90CB64E41EF290F400DAA382 /* Release */ = {
			isa = XCBuildConfiguration;
			baseConfigurationReference = FF89C40C3E9839DA5DE71191 /* Pods-SVGAPlayer React.release.xcconfig */;
			buildSettings = {
				ASSETCATALOG_COMPILER_APPICON_NAME = AppIcon;
				CODE_SIGN_IDENTITY = "iPhone Developer";
				DEVELOPMENT_TEAM = 8M2FQ87SLP;
				INFOPLIST_FILE = "$(SRCROOT)/SVGAPlayer/SVGAPlayer React-Info.plist";
				IPHONEOS_DEPLOYMENT_TARGET = 8.0;
				LD_RUNPATH_SEARCH_PATHS = "$(inherited) @executable_path/Frameworks";
				PRODUCT_BUNDLE_IDENTIFIER = com.opensource.SVGAPlayer;
				PRODUCT_NAME = "$(TARGET_NAME)";
				PROVISIONING_PROFILE = "";
				TARGETED_DEVICE_FAMILY = "1,2";
			};
			name = Release;
		};
/* End XCBuildConfiguration section */

/* Begin XCConfigurationList section */
		90A676D81D13A6DF008A69F3 /* Build configuration list for PBXProject "SVGAPlayer" */ = {
			isa = XCConfigurationList;
			buildConfigurations = (
				90A676F21D13A6DF008A69F3 /* Debug */,
				90A676F31D13A6DF008A69F3 /* Release */,
			);
			defaultConfigurationIsVisible = 0;
			defaultConfigurationName = Release;
		};
		90A676F41D13A6DF008A69F3 /* Build configuration list for PBXNativeTarget "SVGAPlayer" */ = {
			isa = XCConfigurationList;
			buildConfigurations = (
				90A676F51D13A6DF008A69F3 /* Debug */,
				90A676F61D13A6DF008A69F3 /* Release */,
			);
			defaultConfigurationIsVisible = 0;
			defaultConfigurationName = Release;
		};
		90CB64E21EF290F400DAA382 /* Build configuration list for PBXNativeTarget "SVGAPlayer React" */ = {
			isa = XCConfigurationList;
			buildConfigurations = (
				90CB64E31EF290F400DAA382 /* Debug */,
				90CB64E41EF290F400DAA382 /* Release */,
			);
			defaultConfigurationIsVisible = 0;
			defaultConfigurationName = Release;
		};
/* End XCConfigurationList section */
	};
	rootObject = 90A676D51D13A6DF008A69F3 /* Project object */;
}
